
Microsoft Visual Studio Solution File, Format Version 12.00
# Visual Studio Version 17
VisualStudioVersion = 17.4.33213.308
MinimumVisualStudioVersion = 10.0.40219.1
Project("{FAE04EC0-301F-11D3-BF4B-00C04F79EFBC}") = "semana8", "semana8\semana8.csproj", "{F36CEC93-3113-43C4-848C-C37475D3B497}"
EndProject
Global
	GlobalSection(SolutionConfigurationPlatforms) = preSolution
		Debug|Any CPU = Debug|Any CPU
		Release|Any CPU = Release|Any CPU
	EndGlobalSection
	GlobalSection(ProjectConfigurationPlatforms) = postSolution
		{F36CEC93-3113-43C4-848C-C37475D3B497}.Debug|Any CPU.ActiveCfg = Debug|Any CPU
		{F36CEC93-3113-43C4-848C-C37475D3B497}.Debug|Any CPU.Build.0 = Debug|Any CPU
		{F36CEC93-3113-43C4-848C-C37475D3B497}.Release|Any CPU.ActiveCfg = Release|Any CPU
		{F36CEC93-3113-43C4-848C-C37475D3B497}.Release|Any CPU.Build.0 = Release|Any CPU
	EndGlobalSection
	GlobalSection(SolutionProperties) = preSolution
		HideSolutionNode = FALSE
	EndGlobalSection
	GlobalSection(ExtensibilityGlobals) = postSolution
		SolutionGuid = {3F078E5E-35E2-41A7-AEE6-65C430BC45EA}
	EndGlobalSection
EndGlobal
